<Solution>
  <Folder Name="/Solution Items/">
    <File Path="README.md" />
  </Folder>
  <Project Path="CP2/CP2.csproj" />
  <Project Path="CP3/CP3.csproj" />
  <Project Path="CP4/CP4.csproj" Id="73c06736-e41b-4a27-8b54-a08b12816488" />
  <Project Path="CP5/CP5.csproj" Id="1d34eb71-fd5e-4926-bd65-f243d5fd6470" />
  <Project Path="CP6/CP6.csproj" Id="1781c557-63fd-4837-8afa-6d8c944d0511" />
  <Project Path="CP7/CP7.csproj" Id="a5390c47-f2ff-4efa-a000-941b419f2c9a" />
  <Project Path="CP8/CP8.csproj" Id="b5dc3daf-a3c5-40f0-a493-eea9170fd4a9" />
  <Project Path="CP9/CP9.csproj" Id="81a4511d-560f-4537-a6f5-3e01a03e26cf" />
</Solution>
